
Microsoft Visual Studio Solution File, Format Version 12.00
# Visual Studio 15
VisualStudioVersion = 15.0.28307.168
MinimumVisualStudioVersion = 10.0.40219.1
Project("{FAE04EC0-301F-11D3-BF4B-00C04F79EFBC}") = "Assignment1", "Assignment1\Assignment1.csproj", "{B4ADC65E-A81B-45B8-9759-BCEBF79BCEC2}"
EndProject
Global
	GlobalSection(SolutionConfigurationPlatforms) = preSolution
		Debug|Any CPU = Debug|Any CPU
		Release|Any CPU = Release|Any CPU
	EndGlobalSection
	GlobalSection(ProjectConfigurationPlatforms) = postSolution
		{B4ADC65E-A81B-45B8-9759-BCEBF79BCEC2}.Debug|Any CPU.ActiveCfg = Debug|Any CPU
		{B4ADC65E-A81B-45B8-9759-BCEBF79BCEC2}.Debug|Any CPU.Build.0 = Debug|Any CPU
		{B4ADC65E-A81B-45B8-9759-BCEBF79BCEC2}.Release|Any CPU.ActiveCfg = Release|Any CPU
		{B4ADC65E-A81B-45B8-9759-BCEBF79BCEC2}.Release|Any CPU.Build.0 = Release|Any CPU
	EndGlobalSection
	GlobalSection(SolutionProperties) = preSolution
		HideSolutionNode = FALSE
	EndGlobalSection
	GlobalSection(ExtensibilityGlobals) = postSolution
		SolutionGuid = {0F054000-ACFF-4FBE-9669-A9D1C674FE88}
	EndGlobalSection
EndGlobal
